// !$*UTF8*$!
{
	archiveVersion = 1;
	classes = {
	};
	objectVersion = 55;
	objects = {

/* Begin PBXBuildFile section */
		4F09309D2A4DCA9C00F94D89 /* AddTodoItemCellConfiguration.swift in Sources */ = {isa = PBXBuildFile; fileRef = 4F09309C2A4DCA9C00F94D89 /* AddTodoItemCellConfiguration.swift */; };
		4F09309F2A4DCAA900F94D89 /* AddTodoItemCellContentView.swift in Sources */ = {isa = PBXBuildFile; fileRef = 4F09309E2A4DCAA900F94D89 /* AddTodoItemCellContentView.swift */; };
		4F1318312A4C4781005CDF91 /* TodoCheckboxView.swift in Sources */ = {isa = PBXBuildFile; fileRef = 4F1318302A4C4781005CDF91 /* TodoCheckboxView.swift */; };
		4F1318332A4C47FD005CDF91 /* TodoCheckboxViewModel.swift in Sources */ = {isa = PBXBuildFile; fileRef = 4F1318322A4C47FD005CDF91 /* TodoCheckboxViewModel.swift */; };
		4F1ABB8B2A570E30004F8BA8 /* NetworkingService.swift in Sources */ = {isa = PBXBuildFile; fileRef = 4F1ABB8A2A570E30004F8BA8 /* NetworkingService.swift */; };
		4F1ABB8D2A57809F004F8BA8 /* YandexNetworkingService.swift in Sources */ = {isa = PBXBuildFile; fileRef = 4F1ABB8C2A57809F004F8BA8 /* YandexNetworkingService.swift */; };
		4F1ABB902A57812D004F8BA8 /* YandexEndpoints.swift in Sources */ = {isa = PBXBuildFile; fileRef = 4F1ABB8F2A57812D004F8BA8 /* YandexEndpoints.swift */; };
		4F308C5A2A4BD8A500A9AC79 /* TodoTextViewModel.swift in Sources */ = {isa = PBXBuildFile; fileRef = 4F308C592A4BD8A500A9AC79 /* TodoTextViewModel.swift */; };
		4F308C5D2A4BF07300A9AC79 /* TodoListViewController.swift in Sources */ = {isa = PBXBuildFile; fileRef = 4F308C5C2A4BF07300A9AC79 /* TodoListViewController.swift */; };
		4F308C5F2A4BF08000A9AC79 /* TodoListViewModel.swift in Sources */ = {isa = PBXBuildFile; fileRef = 4F308C5E2A4BF08000A9AC79 /* TodoListViewModel.swift */; };
		4F308C662A4C163100A9AC79 /* TodoItemCellConfiguration.swift in Sources */ = {isa = PBXBuildFile; fileRef = 4F308C652A4C163100A9AC79 /* TodoItemCellConfiguration.swift */; };
		4F308C682A4C168300A9AC79 /* TodoItemCellContentView.swift in Sources */ = {isa = PBXBuildFile; fileRef = 4F308C672A4C168300A9AC79 /* TodoItemCellContentView.swift */; };
		4F429C672A3C9A7300B3C6D7 /* FileCacheTests.swift in Sources */ = {isa = PBXBuildFile; fileRef = 4F429C662A3C9A7300B3C6D7 /* FileCacheTests.swift */; };
		4F44B7422A41893100667616 /* TodoTextView.swift in Sources */ = {isa = PBXBuildFile; fileRef = 4F44B7412A41893100667616 /* TodoTextView.swift */; };
		4F4504682A6B5A8B0065F41B /* TodoListSwiftUIApp.swift in Sources */ = {isa = PBXBuildFile; fileRef = 4F4504672A6B5A8B0065F41B /* TodoListSwiftUIApp.swift */; };
		4F45046A2A6B5A8B0065F41B /* ContentView.swift in Sources */ = {isa = PBXBuildFile; fileRef = 4F4504692A6B5A8B0065F41B /* ContentView.swift */; };
		4F45046C2A6B5A8D0065F41B /* Assets.xcassets in Resources */ = {isa = PBXBuildFile; fileRef = 4F45046B2A6B5A8D0065F41B /* Assets.xcassets */; };
		4F45046F2A6B5A8D0065F41B /* Preview Assets.xcassets in Resources */ = {isa = PBXBuildFile; fileRef = 4F45046E2A6B5A8D0065F41B /* Preview Assets.xcassets */; };
		4F4504742A6B5C2F0065F41B /* TodoItem.swift in Sources */ = {isa = PBXBuildFile; fileRef = 4F4504732A6B5C2F0065F41B /* TodoItem.swift */; };
		4F4504762A6B5C6C0065F41B /* TodoItemCellView.swift in Sources */ = {isa = PBXBuildFile; fileRef = 4F4504752A6B5C6C0065F41B /* TodoItemCellView.swift */; };
		4F4504782A6B5D100065F41B /* CheckboxView.swift in Sources */ = {isa = PBXBuildFile; fileRef = 4F4504772A6B5D100065F41B /* CheckboxView.swift */; };
		4F5071BB2A4AEE36009B77AF /* TodoSwitch.swift in Sources */ = {isa = PBXBuildFile; fileRef = 4F5071BA2A4AEE35009B77AF /* TodoSwitch.swift */; };
		4F5071BD2A4AF331009B77AF /* TodoSegmentedControl.swift in Sources */ = {isa = PBXBuildFile; fileRef = 4F5071BC2A4AF331009B77AF /* TodoSegmentedControl.swift */; };
		4F55B27A2A43181C006B944F /* TodoCalendarView.swift in Sources */ = {isa = PBXBuildFile; fileRef = 4F55B2792A43181C006B944F /* TodoCalendarView.swift */; };
		4F5DC5AC2A421D0F0045F8B4 /* Res.swift in Sources */ = {isa = PBXBuildFile; fileRef = 4F5DC5AB2A421D0F0045F8B4 /* Res.swift */; };
		4F5DC5B02A422BF90045F8B4 /* ImportanceOptionView.swift in Sources */ = {isa = PBXBuildFile; fileRef = 4F5DC5AF2A422BF90045F8B4 /* ImportanceOptionView.swift */; };
		4F5DC5B22A422ECB0045F8B4 /* DeadlineOptionView.swift in Sources */ = {isa = PBXBuildFile; fileRef = 4F5DC5B12A422ECB0045F8B4 /* DeadlineOptionView.swift */; };
		4F5DC5B42A42318A0045F8B4 /* OptionsView.swift in Sources */ = {isa = PBXBuildFile; fileRef = 4F5DC5B32A42318A0045F8B4 /* OptionsView.swift */; };
		4F6A9EF02A56EF22000DA229 /* URLSession + Extension.swift in Sources */ = {isa = PBXBuildFile; fileRef = 4F6A9EEF2A56EF22000DA229 /* URLSession + Extension.swift */; };
		4F7AB57C2A39E9520077AA6C /* AppDelegate.swift in Sources */ = {isa = PBXBuildFile; fileRef = 4F7AB57B2A39E9520077AA6C /* AppDelegate.swift */; };
		4F7AB57E2A39E9520077AA6C /* SceneDelegate.swift in Sources */ = {isa = PBXBuildFile; fileRef = 4F7AB57D2A39E9520077AA6C /* SceneDelegate.swift */; };
		4F7AB5882A39E9540077AA6C /* Assets.xcassets in Resources */ = {isa = PBXBuildFile; fileRef = 4F7AB5872A39E9540077AA6C /* Assets.xcassets */; };
		4F7AB5962A39E9550077AA6C /* TodoItemTests.swift in Sources */ = {isa = PBXBuildFile; fileRef = 4F7AB5952A39E9550077AA6C /* TodoItemTests.swift */; };
		4F7AB5B12A39E9B70077AA6C /* TodoItem.swift in Sources */ = {isa = PBXBuildFile; fileRef = 4F7AB5AF2A39E9B70077AA6C /* TodoItem.swift */; };
		4F7AB5B22A39E9B70077AA6C /* FileCache.swift in Sources */ = {isa = PBXBuildFile; fileRef = 4F7AB5B02A39E9B70077AA6C /* FileCache.swift */; };
		4F9D85882A58152A00EFF44C /* TodoItemNetworkModel.swift in Sources */ = {isa = PBXBuildFile; fileRef = 4F9D85872A58152A00EFF44C /* TodoItemNetworkModel.swift */; };
		4F9D858C2A581B7000EFF44C /* YandexResponses.swift in Sources */ = {isa = PBXBuildFile; fileRef = 4F9D858B2A581B7000EFF44C /* YandexResponses.swift */; };
		4F9D858E2A581C2700EFF44C /* YandexRequests.swift in Sources */ = {isa = PBXBuildFile; fileRef = 4F9D858D2A581C2700EFF44C /* YandexRequests.swift */; };
		4F9D85902A5839E800EFF44C /* RetryManager.swift in Sources */ = {isa = PBXBuildFile; fileRef = 4F9D858F2A5839E800EFF44C /* RetryManager.swift */; };
		4FA39AAE2A6043D10075C431 /* SQLite in Frameworks */ = {isa = PBXBuildFile; productRef = 4FA39AAD2A6043D10075C431 /* SQLite */; };
		4FBEBB912A4CD78700470754 /* AddButton.swift in Sources */ = {isa = PBXBuildFile; fileRef = 4FBEBB902A4CD78700470754 /* AddButton.swift */; };
		4FCAAB732A43EF3B009EEB18 /* Alerts.swift in Sources */ = {isa = PBXBuildFile; fileRef = 4FCAAB722A43EF3B009EEB18 /* Alerts.swift */; };
		4FCAAB752A440D61009EEB18 /* ColorOptionView.swift in Sources */ = {isa = PBXBuildFile; fileRef = 4FCAAB742A440D61009EEB18 /* ColorOptionView.swift */; };
		4FCAAB7A2A44AB05009EEB18 /* HSLColorPickerView.swift in Sources */ = {isa = PBXBuildFile; fileRef = 4FCAAB792A44AB05009EEB18 /* HSLColorPickerView.swift */; };
		4FCAAB7C2A44D13B009EEB18 /* HSLColorSliderView.swift in Sources */ = {isa = PBXBuildFile; fileRef = 4FCAAB7B2A44D13A009EEB18 /* HSLColorSliderView.swift */; };
		4FCAAB7F2A44D1D1009EEB18 /* HSLColorSliderViewModel.swift in Sources */ = {isa = PBXBuildFile; fileRef = 4FCAAB7E2A44D1D1009EEB18 /* HSLColorSliderViewModel.swift */; };
		4FCAAB822A44F80E009EEB18 /* HSLColorPickerViewModel.swift in Sources */ = {isa = PBXBuildFile; fileRef = 4FCAAB812A44F80E009EEB18 /* HSLColorPickerViewModel.swift */; };
		4FCAAB852A4500EB009EEB18 /* ColorOptionViewModel.swift in Sources */ = {isa = PBXBuildFile; fileRef = 4FCAAB842A4500EB009EEB18 /* ColorOptionViewModel.swift */; };
		4FCAAB882A450C50009EEB18 /* UIColor + Extension.swift in Sources */ = {isa = PBXBuildFile; fileRef = 4FCAAB872A450C50009EEB18 /* UIColor + Extension.swift */; };
		4FCAAB8C2A4510A8009EEB18 /* OptionsViewModel.swift in Sources */ = {isa = PBXBuildFile; fileRef = 4FCAAB8B2A4510A8009EEB18 /* OptionsViewModel.swift */; };
		4FCAAB8E2A451316009EEB18 /* ImportanceOptionViewModel.swift in Sources */ = {isa = PBXBuildFile; fileRef = 4FCAAB8D2A451316009EEB18 /* ImportanceOptionViewModel.swift */; };
		4FCAAB902A45161B009EEB18 /* DeadlineOptionViewModel.swift in Sources */ = {isa = PBXBuildFile; fileRef = 4FCAAB8F2A45161B009EEB18 /* DeadlineOptionViewModel.swift */; };
		4FD96CEA2A415C5E00098CD2 /* DetailsViewModel.swift in Sources */ = {isa = PBXBuildFile; fileRef = 4FD96CE92A415C5E00098CD2 /* DetailsViewModel.swift */; };
		4FD96CED2A41678400098CD2 /* Box.swift in Sources */ = {isa = PBXBuildFile; fileRef = 4FD96CEC2A41678400098CD2 /* Box.swift */; };
		4FDF8E112A4154B60027C8F2 /* DetailsViewController.swift in Sources */ = {isa = PBXBuildFile; fileRef = 4FDF8E102A4154B60027C8F2 /* DetailsViewController.swift */; };
/* End PBXBuildFile section */

/* Begin PBXContainerItemProxy section */
		4F7AB5922A39E9550077AA6C /* PBXContainerItemProxy */ = {
			isa = PBXContainerItemProxy;
			containerPortal = 4F7AB5702A39E9520077AA6C /* Project object */;
			proxyType = 1;
			remoteGlobalIDString = 4F7AB5772A39E9520077AA6C;
			remoteInfo = TodoList;
		};
		4F7AB59C2A39E9550077AA6C /* PBXContainerItemProxy */ = {
			isa = PBXContainerItemProxy;
			containerPortal = 4F7AB5702A39E9520077AA6C /* Project object */;
			proxyType = 1;
			remoteGlobalIDString = 4F7AB5772A39E9520077AA6C;
			remoteInfo = TodoList;
		};
/* End PBXContainerItemProxy section */

/* Begin PBXFileReference section */
		4F09309C2A4DCA9C00F94D89 /* AddTodoItemCellConfiguration.swift */ = {isa = PBXFileReference; lastKnownFileType = sourcecode.swift; path = AddTodoItemCellConfiguration.swift; sourceTree = "<group>"; };
		4F09309E2A4DCAA900F94D89 /* AddTodoItemCellContentView.swift */ = {isa = PBXFileReference; lastKnownFileType = sourcecode.swift; path = AddTodoItemCellContentView.swift; sourceTree = "<group>"; };
		4F1318302A4C4781005CDF91 /* TodoCheckboxView.swift */ = {isa = PBXFileReference; lastKnownFileType = sourcecode.swift; path = TodoCheckboxView.swift; sourceTree = "<group>"; };
		4F1318322A4C47FD005CDF91 /* TodoCheckboxViewModel.swift */ = {isa = PBXFileReference; lastKnownFileType = sourcecode.swift; path = TodoCheckboxViewModel.swift; sourceTree = "<group>"; };
		4F1ABB8A2A570E30004F8BA8 /* NetworkingService.swift */ = {isa = PBXFileReference; lastKnownFileType = sourcecode.swift; path = NetworkingService.swift; sourceTree = "<group>"; };
		4F1ABB8C2A57809F004F8BA8 /* YandexNetworkingService.swift */ = {isa = PBXFileReference; lastKnownFileType = sourcecode.swift; path = YandexNetworkingService.swift; sourceTree = "<group>"; };
		4F1ABB8F2A57812D004F8BA8 /* YandexEndpoints.swift */ = {isa = PBXFileReference; lastKnownFileType = sourcecode.swift; path = YandexEndpoints.swift; sourceTree = "<group>"; };
		4F308C592A4BD8A500A9AC79 /* TodoTextViewModel.swift */ = {isa = PBXFileReference; lastKnownFileType = sourcecode.swift; path = TodoTextViewModel.swift; sourceTree = "<group>"; };
		4F308C5C2A4BF07300A9AC79 /* TodoListViewController.swift */ = {isa = PBXFileReference; lastKnownFileType = sourcecode.swift; path = TodoListViewController.swift; sourceTree = "<group>"; };
		4F308C5E2A4BF08000A9AC79 /* TodoListViewModel.swift */ = {isa = PBXFileReference; lastKnownFileType = sourcecode.swift; path = TodoListViewModel.swift; sourceTree = "<group>"; };
		4F308C652A4C163100A9AC79 /* TodoItemCellConfiguration.swift */ = {isa = PBXFileReference; lastKnownFileType = sourcecode.swift; path = TodoItemCellConfiguration.swift; sourceTree = "<group>"; };
		4F308C672A4C168300A9AC79 /* TodoItemCellContentView.swift */ = {isa = PBXFileReference; lastKnownFileType = sourcecode.swift; path = TodoItemCellContentView.swift; sourceTree = "<group>"; };
		4F429C662A3C9A7300B3C6D7 /* FileCacheTests.swift */ = {isa = PBXFileReference; lastKnownFileType = sourcecode.swift; path = FileCacheTests.swift; sourceTree = "<group>"; };
		4F44B7412A41893100667616 /* TodoTextView.swift */ = {isa = PBXFileReference; lastKnownFileType = sourcecode.swift; path = TodoTextView.swift; sourceTree = "<group>"; };
		4F4504652A6B5A8B0065F41B /* TodoListSwiftUI.app */ = {isa = PBXFileReference; explicitFileType = wrapper.application; includeInIndex = 0; path = TodoListSwiftUI.app; sourceTree = BUILT_PRODUCTS_DIR; };
		4F4504672A6B5A8B0065F41B /* TodoListSwiftUIApp.swift */ = {isa = PBXFileReference; lastKnownFileType = sourcecode.swift; path = TodoListSwiftUIApp.swift; sourceTree = "<group>"; };
		4F4504692A6B5A8B0065F41B /* ContentView.swift */ = {isa = PBXFileReference; lastKnownFileType = sourcecode.swift; path = ContentView.swift; sourceTree = "<group>"; };
		4F45046B2A6B5A8D0065F41B /* Assets.xcassets */ = {isa = PBXFileReference; lastKnownFileType = folder.assetcatalog; path = Assets.xcassets; sourceTree = "<group>"; };
		4F45046E2A6B5A8D0065F41B /* Preview Assets.xcassets */ = {isa = PBXFileReference; lastKnownFileType = folder.assetcatalog; path = "Preview Assets.xcassets"; sourceTree = "<group>"; };
		4F4504732A6B5C2F0065F41B /* TodoItem.swift */ = {isa = PBXFileReference; lastKnownFileType = sourcecode.swift; path = TodoItem.swift; sourceTree = "<group>"; };
		4F4504752A6B5C6C0065F41B /* TodoItemCellView.swift */ = {isa = PBXFileReference; lastKnownFileType = sourcecode.swift; path = TodoItemCellView.swift; sourceTree = "<group>"; };
		4F4504772A6B5D100065F41B /* CheckboxView.swift */ = {isa = PBXFileReference; lastKnownFileType = sourcecode.swift; path = CheckboxView.swift; sourceTree = "<group>"; };
		4F5071BA2A4AEE35009B77AF /* TodoSwitch.swift */ = {isa = PBXFileReference; lastKnownFileType = sourcecode.swift; path = TodoSwitch.swift; sourceTree = "<group>"; };
		4F5071BC2A4AF331009B77AF /* TodoSegmentedControl.swift */ = {isa = PBXFileReference; lastKnownFileType = sourcecode.swift; path = TodoSegmentedControl.swift; sourceTree = "<group>"; };
		4F55B2792A43181C006B944F /* TodoCalendarView.swift */ = {isa = PBXFileReference; lastKnownFileType = sourcecode.swift; path = TodoCalendarView.swift; sourceTree = "<group>"; };
		4F5DC5AB2A421D0F0045F8B4 /* Res.swift */ = {isa = PBXFileReference; lastKnownFileType = sourcecode.swift; path = Res.swift; sourceTree = "<group>"; };
		4F5DC5AF2A422BF90045F8B4 /* ImportanceOptionView.swift */ = {isa = PBXFileReference; lastKnownFileType = sourcecode.swift; path = ImportanceOptionView.swift; sourceTree = "<group>"; };
		4F5DC5B12A422ECB0045F8B4 /* DeadlineOptionView.swift */ = {isa = PBXFileReference; lastKnownFileType = sourcecode.swift; path = DeadlineOptionView.swift; sourceTree = "<group>"; };
		4F5DC5B32A42318A0045F8B4 /* OptionsView.swift */ = {isa = PBXFileReference; lastKnownFileType = sourcecode.swift; path = OptionsView.swift; sourceTree = "<group>"; };
		4F6A9EEF2A56EF22000DA229 /* URLSession + Extension.swift */ = {isa = PBXFileReference; lastKnownFileType = sourcecode.swift; path = "URLSession + Extension.swift"; sourceTree = "<group>"; };
		4F7AB5782A39E9520077AA6C /* TodoList.app */ = {isa = PBXFileReference; explicitFileType = wrapper.application; includeInIndex = 0; path = TodoList.app; sourceTree = BUILT_PRODUCTS_DIR; };
		4F7AB57B2A39E9520077AA6C /* AppDelegate.swift */ = {isa = PBXFileReference; lastKnownFileType = sourcecode.swift; path = AppDelegate.swift; sourceTree = "<group>"; };
		4F7AB57D2A39E9520077AA6C /* SceneDelegate.swift */ = {isa = PBXFileReference; lastKnownFileType = sourcecode.swift; path = SceneDelegate.swift; sourceTree = "<group>"; };
		4F7AB5872A39E9540077AA6C /* Assets.xcassets */ = {isa = PBXFileReference; lastKnownFileType = folder.assetcatalog; path = Assets.xcassets; sourceTree = "<group>"; };
		4F7AB58C2A39E9540077AA6C /* Info.plist */ = {isa = PBXFileReference; lastKnownFileType = text.plist.xml; path = Info.plist; sourceTree = "<group>"; };
		4F7AB5912A39E9550077AA6C /* TodoListTests.xctest */ = {isa = PBXFileReference; explicitFileType = wrapper.cfbundle; includeInIndex = 0; path = TodoListTests.xctest; sourceTree = BUILT_PRODUCTS_DIR; };
		4F7AB5952A39E9550077AA6C /* TodoItemTests.swift */ = {isa = PBXFileReference; lastKnownFileType = sourcecode.swift; path = TodoItemTests.swift; sourceTree = "<group>"; };
		4F7AB59B2A39E9550077AA6C /* TodoListUITests.xctest */ = {isa = PBXFileReference; explicitFileType = wrapper.cfbundle; includeInIndex = 0; path = TodoListUITests.xctest; sourceTree = BUILT_PRODUCTS_DIR; };
		4F7AB5AF2A39E9B70077AA6C /* TodoItem.swift */ = {isa = PBXFileReference; fileEncoding = 4; lastKnownFileType = sourcecode.swift; path = TodoItem.swift; sourceTree = "<group>"; };
		4F7AB5B02A39E9B70077AA6C /* FileCache.swift */ = {isa = PBXFileReference; fileEncoding = 4; lastKnownFileType = sourcecode.swift; path = FileCache.swift; sourceTree = "<group>"; };
		4F9D85872A58152A00EFF44C /* TodoItemNetworkModel.swift */ = {isa = PBXFileReference; lastKnownFileType = sourcecode.swift; path = TodoItemNetworkModel.swift; sourceTree = "<group>"; };
		4F9D858B2A581B7000EFF44C /* YandexResponses.swift */ = {isa = PBXFileReference; lastKnownFileType = sourcecode.swift; path = YandexResponses.swift; sourceTree = "<group>"; };
		4F9D858D2A581C2700EFF44C /* YandexRequests.swift */ = {isa = PBXFileReference; lastKnownFileType = sourcecode.swift; path = YandexRequests.swift; sourceTree = "<group>"; };
		4F9D858F2A5839E800EFF44C /* RetryManager.swift */ = {isa = PBXFileReference; lastKnownFileType = sourcecode.swift; path = RetryManager.swift; sourceTree = "<group>"; };
		4FBEBB902A4CD78700470754 /* AddButton.swift */ = {isa = PBXFileReference; lastKnownFileType = sourcecode.swift; path = AddButton.swift; sourceTree = "<group>"; };
		4FCAAB722A43EF3B009EEB18 /* Alerts.swift */ = {isa = PBXFileReference; lastKnownFileType = sourcecode.swift; path = Alerts.swift; sourceTree = "<group>"; };
		4FCAAB742A440D61009EEB18 /* ColorOptionView.swift */ = {isa = PBXFileReference; lastKnownFileType = sourcecode.swift; path = ColorOptionView.swift; sourceTree = "<group>"; };
		4FCAAB792A44AB05009EEB18 /* HSLColorPickerView.swift */ = {isa = PBXFileReference; lastKnownFileType = sourcecode.swift; path = HSLColorPickerView.swift; sourceTree = "<group>"; };
		4FCAAB7B2A44D13A009EEB18 /* HSLColorSliderView.swift */ = {isa = PBXFileReference; lastKnownFileType = sourcecode.swift; path = HSLColorSliderView.swift; sourceTree = "<group>"; };
		4FCAAB7E2A44D1D1009EEB18 /* HSLColorSliderViewModel.swift */ = {isa = PBXFileReference; lastKnownFileType = sourcecode.swift; path = HSLColorSliderViewModel.swift; sourceTree = "<group>"; };
		4FCAAB812A44F80E009EEB18 /* HSLColorPickerViewModel.swift */ = {isa = PBXFileReference; lastKnownFileType = sourcecode.swift; path = HSLColorPickerViewModel.swift; sourceTree = "<group>"; };
		4FCAAB842A4500EB009EEB18 /* ColorOptionViewModel.swift */ = {isa = PBXFileReference; lastKnownFileType = sourcecode.swift; path = ColorOptionViewModel.swift; sourceTree = "<group>"; };
		4FCAAB872A450C50009EEB18 /* UIColor + Extension.swift */ = {isa = PBXFileReference; lastKnownFileType = sourcecode.swift; path = "UIColor + Extension.swift"; sourceTree = "<group>"; };
		4FCAAB8B2A4510A8009EEB18 /* OptionsViewModel.swift */ = {isa = PBXFileReference; lastKnownFileType = sourcecode.swift; path = OptionsViewModel.swift; sourceTree = "<group>"; };
		4FCAAB8D2A451316009EEB18 /* ImportanceOptionViewModel.swift */ = {isa = PBXFileReference; lastKnownFileType = sourcecode.swift; path = ImportanceOptionViewModel.swift; sourceTree = "<group>"; };
		4FCAAB8F2A45161B009EEB18 /* DeadlineOptionViewModel.swift */ = {isa = PBXFileReference; lastKnownFileType = sourcecode.swift; path = DeadlineOptionViewModel.swift; sourceTree = "<group>"; };
		4FD96CE92A415C5E00098CD2 /* DetailsViewModel.swift */ = {isa = PBXFileReference; lastKnownFileType = sourcecode.swift; path = DetailsViewModel.swift; sourceTree = "<group>"; };
		4FD96CEC2A41678400098CD2 /* Box.swift */ = {isa = PBXFileReference; lastKnownFileType = sourcecode.swift; path = Box.swift; sourceTree = "<group>"; };
		4FDF8E102A4154B60027C8F2 /* DetailsViewController.swift */ = {isa = PBXFileReference; lastKnownFileType = sourcecode.swift; path = DetailsViewController.swift; sourceTree = "<group>"; };
/* End PBXFileReference section */

/* Begin PBXFrameworksBuildPhase section */
		4F4504622A6B5A8B0065F41B /* Frameworks */ = {
			isa = PBXFrameworksBuildPhase;
			buildActionMask = 2147483647;
			files = (
			);
			runOnlyForDeploymentPostprocessing = 0;
		};
		4F7AB5752A39E9520077AA6C /* Frameworks */ = {
			isa = PBXFrameworksBuildPhase;
			buildActionMask = 2147483647;
			files = (
				4FA39AAE2A6043D10075C431 /* SQLite in Frameworks */,
			);
			runOnlyForDeploymentPostprocessing = 0;
		};
		4F7AB58E2A39E9550077AA6C /* Frameworks */ = {
			isa = PBXFrameworksBuildPhase;
			buildActionMask = 2147483647;
			files = (
			);
			runOnlyForDeploymentPostprocessing = 0;
		};
		4F7AB5982A39E9550077AA6C /* Frameworks */ = {
			isa = PBXFrameworksBuildPhase;
			buildActionMask = 2147483647;
			files = (
			);
			runOnlyForDeploymentPostprocessing = 0;
		};
/* End PBXFrameworksBuildPhase section */

/* Begin PBXGroup section */
		4F09309B2A4DCA8500F94D89 /* AddTodoItemCell */ = {
			isa = PBXGroup;
			children = (
				4F09309C2A4DCA9C00F94D89 /* AddTodoItemCellConfiguration.swift */,
				4F09309E2A4DCAA900F94D89 /* AddTodoItemCellContentView.swift */,
			);
			path = AddTodoItemCell;
			sourceTree = "<group>";
		};
		4F0AE0512A3A694600B7A259 /* Persistence */ = {
			isa = PBXGroup;
			children = (
				4F7AB5B02A39E9B70077AA6C /* FileCache.swift */,
			);
			path = Persistence;
			sourceTree = "<group>";
		};
		4F1ABB882A570DF7004F8BA8 /* Services */ = {
			isa = PBXGroup;
			children = (
				4F1ABB892A570E03004F8BA8 /* Network */,
			);
			path = Services;
			sourceTree = "<group>";
		};
		4F1ABB892A570E03004F8BA8 /* Network */ = {
			isa = PBXGroup;
			children = (
				4F1ABB8E2A57811D004F8BA8 /* Yandex */,
				4F1ABB8A2A570E30004F8BA8 /* NetworkingService.swift */,
				4F9D858F2A5839E800EFF44C /* RetryManager.swift */,
			);
			path = Network;
			sourceTree = "<group>";
		};
		4F1ABB8E2A57811D004F8BA8 /* Yandex */ = {
			isa = PBXGroup;
			children = (
				4F1ABB8C2A57809F004F8BA8 /* YandexNetworkingService.swift */,
				4F9D85872A58152A00EFF44C /* TodoItemNetworkModel.swift */,
				4F1ABB8F2A57812D004F8BA8 /* YandexEndpoints.swift */,
				4F9D858D2A581C2700EFF44C /* YandexRequests.swift */,
				4F9D858B2A581B7000EFF44C /* YandexResponses.swift */,
			);
			path = Yandex;
			sourceTree = "<group>";
		};
		4F308C582A4BD89400A9AC79 /* TodoTextView */ = {
			isa = PBXGroup;
			children = (
				4F44B7412A41893100667616 /* TodoTextView.swift */,
				4F308C592A4BD8A500A9AC79 /* TodoTextViewModel.swift */,
			);
			path = TodoTextView;
			sourceTree = "<group>";
		};
		4F308C5B2A4BF04A00A9AC79 /* TodoList */ = {
			isa = PBXGroup;
			children = (
				4F09309B2A4DCA8500F94D89 /* AddTodoItemCell */,
				4F308C692A4C46FD00A9AC79 /* TodoCheckbox */,
				4FBEBB922A4CD78B00470754 /* AddButton */,
				4F308C602A4BF46100A9AC79 /* TodoItemCell */,
				4F308C5C2A4BF07300A9AC79 /* TodoListViewController.swift */,
				4F308C5E2A4BF08000A9AC79 /* TodoListViewModel.swift */,
			);
			path = TodoList;
			sourceTree = "<group>";
		};
		4F308C602A4BF46100A9AC79 /* TodoItemCell */ = {
			isa = PBXGroup;
			children = (
				4F308C652A4C163100A9AC79 /* TodoItemCellConfiguration.swift */,
				4F308C672A4C168300A9AC79 /* TodoItemCellContentView.swift */,
			);
			path = TodoItemCell;
			sourceTree = "<group>";
		};
		4F308C692A4C46FD00A9AC79 /* TodoCheckbox */ = {
			isa = PBXGroup;
			children = (
				4F1318302A4C4781005CDF91 /* TodoCheckboxView.swift */,
				4F1318322A4C47FD005CDF91 /* TodoCheckboxViewModel.swift */,
			);
			path = TodoCheckbox;
			sourceTree = "<group>";
		};
		4F4504662A6B5A8B0065F41B /* TodoListSwiftUI */ = {
			isa = PBXGroup;
			children = (
				4F4504672A6B5A8B0065F41B /* TodoListSwiftUIApp.swift */,
				4F4504692A6B5A8B0065F41B /* ContentView.swift */,
				4F45046B2A6B5A8D0065F41B /* Assets.xcassets */,
				4F45046D2A6B5A8D0065F41B /* Preview Content */,
				4F4504732A6B5C2F0065F41B /* TodoItem.swift */,
				4F4504752A6B5C6C0065F41B /* TodoItemCellView.swift */,
				4F4504772A6B5D100065F41B /* CheckboxView.swift */,
			);
			path = TodoListSwiftUI;
			sourceTree = "<group>";
		};
		4F45046D2A6B5A8D0065F41B /* Preview Content */ = {
			isa = PBXGroup;
			children = (
				4F45046E2A6B5A8D0065F41B /* Preview Assets.xcassets */,
			);
			path = "Preview Content";
			sourceTree = "<group>";
		};
		4F5071B92A4AEE06009B77AF /* CustomControls */ = {
			isa = PBXGroup;
			children = (
				4F5071BA2A4AEE35009B77AF /* TodoSwitch.swift */,
			);
			path = CustomControls;
			sourceTree = "<group>";
		};
		4F5DC5AA2A421CF40045F8B4 /* Resources */ = {
			isa = PBXGroup;
			children = (
				4F7AB5872A39E9540077AA6C /* Assets.xcassets */,
				4F5DC5AB2A421D0F0045F8B4 /* Res.swift */,
			);
			path = Resources;
			sourceTree = "<group>";
		};
		4F5DC5AE2A422BCA0045F8B4 /* Options */ = {
			isa = PBXGroup;
			children = (
				4FCAAB8A2A451090009EEB18 /* DeadlineOption */,
				4FCAAB892A451084009EEB18 /* ImportanceOption */,
				4FCAAB832A4500D9009EEB18 /* ColorOption */,
				4F5DC5B32A42318A0045F8B4 /* OptionsView.swift */,
				4FCAAB8B2A4510A8009EEB18 /* OptionsViewModel.swift */,
			);
			path = Options;
			sourceTree = "<group>";
		};
		4F7AB56F2A39E9520077AA6C = {
			isa = PBXGroup;
			children = (
				4F7AB57A2A39E9520077AA6C /* TodoList */,
				4F7AB5942A39E9550077AA6C /* TodoListTests */,
				4F4504662A6B5A8B0065F41B /* TodoListSwiftUI */,
				4F7AB5792A39E9520077AA6C /* Products */,
			);
			sourceTree = "<group>";
		};
		4F7AB5792A39E9520077AA6C /* Products */ = {
			isa = PBXGroup;
			children = (
				4F7AB5782A39E9520077AA6C /* TodoList.app */,
				4F7AB5912A39E9550077AA6C /* TodoListTests.xctest */,
				4F7AB59B2A39E9550077AA6C /* TodoListUITests.xctest */,
				4F4504652A6B5A8B0065F41B /* TodoListSwiftUI.app */,
			);
			name = Products;
			sourceTree = "<group>";
		};
		4F7AB57A2A39E9520077AA6C /* TodoList */ = {
			isa = PBXGroup;
			children = (
				4F1ABB882A570DF7004F8BA8 /* Services */,
				4FCAAB862A450C3C009EEB18 /* Extensions */,
				4F5DC5AA2A421CF40045F8B4 /* Resources */,
				4FD96CEB2A41677A00098CD2 /* Utils */,
				4FDF8E0D2A41546F0027C8F2 /* Presentation */,
				4FDF8E0C2A4153070027C8F2 /* Application */,
				4F0AE0512A3A694600B7A259 /* Persistence */,
				4F7AB5AE2A39E9910077AA6C /* Domain */,
			);
			path = TodoList;
			sourceTree = "<group>";
		};
		4F7AB5942A39E9550077AA6C /* TodoListTests */ = {
			isa = PBXGroup;
			children = (
				4F7AB5952A39E9550077AA6C /* TodoItemTests.swift */,
				4F429C662A3C9A7300B3C6D7 /* FileCacheTests.swift */,
			);
			path = TodoListTests;
			sourceTree = "<group>";
		};
		4F7AB5AE2A39E9910077AA6C /* Domain */ = {
			isa = PBXGroup;
			children = (
				4F7AB5AF2A39E9B70077AA6C /* TodoItem.swift */,
			);
			path = Domain;
			sourceTree = "<group>";
		};
		4FBEBB922A4CD78B00470754 /* AddButton */ = {
			isa = PBXGroup;
			children = (
				4FBEBB902A4CD78700470754 /* AddButton.swift */,
			);
			path = AddButton;
			sourceTree = "<group>";
		};
		4FBEBB932A4CD82F00470754 /* TodoSegmentedControl */ = {
			isa = PBXGroup;
			children = (
				4F5071BC2A4AF331009B77AF /* TodoSegmentedControl.swift */,
			);
			path = TodoSegmentedControl;
			sourceTree = "<group>";
		};
		4FBEBB942A4CD84000470754 /* TodoCalendar */ = {
			isa = PBXGroup;
			children = (
				4F55B2792A43181C006B944F /* TodoCalendarView.swift */,
			);
			path = TodoCalendar;
			sourceTree = "<group>";
		};
		4FCAAB762A44AAA2009EEB18 /* ColorPicker */ = {
			isa = PBXGroup;
			children = (
				4FCAAB802A44F7FB009EEB18 /* HSLColorPicker */,
				4FCAAB7D2A44D1C3009EEB18 /* HSLColorSlider */,
			);
			path = ColorPicker;
			sourceTree = "<group>";
		};
		4FCAAB7D2A44D1C3009EEB18 /* HSLColorSlider */ = {
			isa = PBXGroup;
			children = (
				4FCAAB7B2A44D13A009EEB18 /* HSLColorSliderView.swift */,
				4FCAAB7E2A44D1D1009EEB18 /* HSLColorSliderViewModel.swift */,
			);
			path = HSLColorSlider;
			sourceTree = "<group>";
		};
		4FCAAB802A44F7FB009EEB18 /* HSLColorPicker */ = {
			isa = PBXGroup;
			children = (
				4FCAAB792A44AB05009EEB18 /* HSLColorPickerView.swift */,
				4FCAAB812A44F80E009EEB18 /* HSLColorPickerViewModel.swift */,
			);
			path = HSLColorPicker;
			sourceTree = "<group>";
		};
		4FCAAB832A4500D9009EEB18 /* ColorOption */ = {
			isa = PBXGroup;
			children = (
				4FCAAB742A440D61009EEB18 /* ColorOptionView.swift */,
				4FCAAB842A4500EB009EEB18 /* ColorOptionViewModel.swift */,
			);
			path = ColorOption;
			sourceTree = "<group>";
		};
		4FCAAB862A450C3C009EEB18 /* Extensions */ = {
			isa = PBXGroup;
			children = (
				4FCAAB872A450C50009EEB18 /* UIColor + Extension.swift */,
				4F6A9EEF2A56EF22000DA229 /* URLSession + Extension.swift */,
			);
			path = Extensions;
			sourceTree = "<group>";
		};
		4FCAAB892A451084009EEB18 /* ImportanceOption */ = {
			isa = PBXGroup;
			children = (
				4F5DC5AF2A422BF90045F8B4 /* ImportanceOptionView.swift */,
				4FCAAB8D2A451316009EEB18 /* ImportanceOptionViewModel.swift */,
			);
			path = ImportanceOption;
			sourceTree = "<group>";
		};
		4FCAAB8A2A451090009EEB18 /* DeadlineOption */ = {
			isa = PBXGroup;
			children = (
				4F5DC5B12A422ECB0045F8B4 /* DeadlineOptionView.swift */,
				4FCAAB8F2A45161B009EEB18 /* DeadlineOptionViewModel.swift */,
			);
			path = DeadlineOption;
			sourceTree = "<group>";
		};
		4FD96CE82A415A5D00098CD2 /* Details */ = {
			isa = PBXGroup;
			children = (
				4F308C582A4BD89400A9AC79 /* TodoTextView */,
				4FBEBB942A4CD84000470754 /* TodoCalendar */,
				4FBEBB932A4CD82F00470754 /* TodoSegmentedControl */,
				4FCAAB762A44AAA2009EEB18 /* ColorPicker */,
				4F5DC5AE2A422BCA0045F8B4 /* Options */,
				4FDF8E102A4154B60027C8F2 /* DetailsViewController.swift */,
				4FD96CE92A415C5E00098CD2 /* DetailsViewModel.swift */,
			);
			path = Details;
			sourceTree = "<group>";
		};
		4FD96CEB2A41677A00098CD2 /* Utils */ = {
			isa = PBXGroup;
			children = (
				4FD96CEC2A41678400098CD2 /* Box.swift */,
				4FCAAB722A43EF3B009EEB18 /* Alerts.swift */,
			);
			path = Utils;
			sourceTree = "<group>";
		};
		4FDF8E0C2A4153070027C8F2 /* Application */ = {
			isa = PBXGroup;
			children = (
				4F7AB57B2A39E9520077AA6C /* AppDelegate.swift */,
				4F7AB58C2A39E9540077AA6C /* Info.plist */,
				4F7AB57D2A39E9520077AA6C /* SceneDelegate.swift */,
			);
			path = Application;
			sourceTree = "<group>";
		};
		4FDF8E0D2A41546F0027C8F2 /* Presentation */ = {
			isa = PBXGroup;
			children = (
				4F5071B92A4AEE06009B77AF /* CustomControls */,
				4F308C5B2A4BF04A00A9AC79 /* TodoList */,
				4FD96CE82A415A5D00098CD2 /* Details */,
			);
			path = Presentation;
			sourceTree = "<group>";
		};
/* End PBXGroup section */

/* Begin PBXNativeTarget section */
		4F4504642A6B5A8B0065F41B /* TodoListSwiftUI */ = {
			isa = PBXNativeTarget;
			buildConfigurationList = 4F4504722A6B5A8D0065F41B /* Build configuration list for PBXNativeTarget "TodoListSwiftUI" */;
			buildPhases = (
				4F4504612A6B5A8B0065F41B /* Sources */,
				4F4504622A6B5A8B0065F41B /* Frameworks */,
				4F4504632A6B5A8B0065F41B /* Resources */,
			);
			buildRules = (
			);
			dependencies = (
			);
			name = TodoListSwiftUI;
			productName = TodoListSwiftUI;
			productReference = 4F4504652A6B5A8B0065F41B /* TodoListSwiftUI.app */;
			productType = "com.apple.product-type.application";
		};
		4F7AB5772A39E9520077AA6C /* TodoList */ = {
			isa = PBXNativeTarget;
			buildConfigurationList = 4F7AB5A52A39E9550077AA6C /* Build configuration list for PBXNativeTarget "TodoList" */;
			buildPhases = (
				4F7AB5742A39E9520077AA6C /* Sources */,
				4F7AB5752A39E9520077AA6C /* Frameworks */,
				4F7AB5762A39E9520077AA6C /* Resources */,
				4F3B75E92A4EFC8A00E8D924 /* ShellScript */,
			);
			buildRules = (
			);
			dependencies = (
			);
			name = TodoList;
			packageProductDependencies = (
				4FA39AAD2A6043D10075C431 /* SQLite */,
			);
			productName = TodoList;
			productReference = 4F7AB5782A39E9520077AA6C /* TodoList.app */;
			productType = "com.apple.product-type.application";
		};
		4F7AB5902A39E9550077AA6C /* TodoListTests */ = {
			isa = PBXNativeTarget;
			buildConfigurationList = 4F7AB5A82A39E9550077AA6C /* Build configuration list for PBXNativeTarget "TodoListTests" */;
			buildPhases = (
				4F7AB58D2A39E9550077AA6C /* Sources */,
				4F7AB58E2A39E9550077AA6C /* Frameworks */,
				4F7AB58F2A39E9550077AA6C /* Resources */,
			);
			buildRules = (
			);
			dependencies = (
				4F7AB5932A39E9550077AA6C /* PBXTargetDependency */,
			);
			name = TodoListTests;
			productName = TodoListTests;
			productReference = 4F7AB5912A39E9550077AA6C /* TodoListTests.xctest */;
			productType = "com.apple.product-type.bundle.unit-test";
		};
		4F7AB59A2A39E9550077AA6C /* TodoListUITests */ = {
			isa = PBXNativeTarget;
			buildConfigurationList = 4F7AB5AB2A39E9550077AA6C /* Build configuration list for PBXNativeTarget "TodoListUITests" */;
			buildPhases = (
				4F7AB5972A39E9550077AA6C /* Sources */,
				4F7AB5982A39E9550077AA6C /* Frameworks */,
				4F7AB5992A39E9550077AA6C /* Resources */,
			);
			buildRules = (
			);
			dependencies = (
				4F7AB59D2A39E9550077AA6C /* PBXTargetDependency */,
			);
			name = TodoListUITests;
			productName = TodoListUITests;
			productReference = 4F7AB59B2A39E9550077AA6C /* TodoListUITests.xctest */;
			productType = "com.apple.product-type.bundle.ui-testing";
		};
/* End PBXNativeTarget section */

/* Begin PBXProject section */
		4F7AB5702A39E9520077AA6C /* Project object */ = {
			isa = PBXProject;
			attributes = {
				BuildIndependentTargetsInParallel = 1;
				LastSwiftUpdateCheck = 1420;
				LastUpgradeCheck = 1420;
				TargetAttributes = {
					4F4504642A6B5A8B0065F41B = {
						CreatedOnToolsVersion = 14.2;
					};
					4F7AB5772A39E9520077AA6C = {
						CreatedOnToolsVersion = 14.2;
					};
					4F7AB5902A39E9550077AA6C = {
						CreatedOnToolsVersion = 14.2;
						TestTargetID = 4F7AB5772A39E9520077AA6C;
					};
					4F7AB59A2A39E9550077AA6C = {
						CreatedOnToolsVersion = 14.2;
						TestTargetID = 4F7AB5772A39E9520077AA6C;
					};
				};
			};
			buildConfigurationList = 4F7AB5732A39E9520077AA6C /* Build configuration list for PBXProject "TodoList" */;
			compatibilityVersion = "Xcode 13.0";
			developmentRegion = en;
			hasScannedForEncodings = 0;
			knownRegions = (
				en,
				Base,
			);
			mainGroup = 4F7AB56F2A39E9520077AA6C;
			packageReferences = (
				4FA39AAC2A6043D10075C431 /* XCRemoteSwiftPackageReference "SQLite.swift" */,
			);
			productRefGroup = 4F7AB5792A39E9520077AA6C /* Products */;
			projectDirPath = "";
			projectRoot = "";
			targets = (
				4F7AB5772A39E9520077AA6C /* TodoList */,
				4F7AB5902A39E9550077AA6C /* TodoListTests */,
				4F7AB59A2A39E9550077AA6C /* TodoListUITests */,
				4F4504642A6B5A8B0065F41B /* TodoListSwiftUI */,
			);
		};
/* End PBXProject section */

/* Begin PBXResourcesBuildPhase section */
		4F4504632A6B5A8B0065F41B /* Resources */ = {
			isa = PBXResourcesBuildPhase;
			buildActionMask = 2147483647;
			files = (
				4F45046F2A6B5A8D0065F41B /* Preview Assets.xcassets in Resources */,
				4F45046C2A6B5A8D0065F41B /* Assets.xcassets in Resources */,
			);
			runOnlyForDeploymentPostprocessing = 0;
		};
		4F7AB5762A39E9520077AA6C /* Resources */ = {
			isa = PBXResourcesBuildPhase;
			buildActionMask = 2147483647;
			files = (
				4F7AB5882A39E9540077AA6C /* Assets.xcassets in Resources */,
			);
			runOnlyForDeploymentPostprocessing = 0;
		};
		4F7AB58F2A39E9550077AA6C /* Resources */ = {
			isa = PBXResourcesBuildPhase;
			buildActionMask = 2147483647;
			files = (
			);
			runOnlyForDeploymentPostprocessing = 0;
		};
		4F7AB5992A39E9550077AA6C /* Resources */ = {
			isa = PBXResourcesBuildPhase;
			buildActionMask = 2147483647;
			files = (
			);
			runOnlyForDeploymentPostprocessing = 0;
		};
/* End PBXResourcesBuildPhase section */

/* Begin PBXShellScriptBuildPhase section */
		4F3B75E92A4EFC8A00E8D924 /* ShellScript */ = {
			isa = PBXShellScriptBuildPhase;
			alwaysOutOfDate = 1;
			buildActionMask = 2147483647;
			files = (
			);
			inputFileListPaths = (
			);
			inputPaths = (
			);
			outputFileListPaths = (
			);
			outputPaths = (
			);
			runOnlyForDeploymentPostprocessing = 0;
			shellPath = /bin/sh;
			shellScript = "if which swiftlint >/dev/null; then\n  swiftlint\nelse\n  echo \"warning: SwiftLint not installed, download from https://github.com/realm/SwiftLint\"\nfi\n";
		};
/* End PBXShellScriptBuildPhase section */

/* Begin PBXSourcesBuildPhase section */
		4F4504612A6B5A8B0065F41B /* Sources */ = {
			isa = PBXSourcesBuildPhase;
			buildActionMask = 2147483647;
			files = (
				4F45046A2A6B5A8B0065F41B /* ContentView.swift in Sources */,
				4F4504762A6B5C6C0065F41B /* TodoItemCellView.swift in Sources */,
				4F4504742A6B5C2F0065F41B /* TodoItem.swift in Sources */,
				4F4504782A6B5D100065F41B /* CheckboxView.swift in Sources */,
				4F4504682A6B5A8B0065F41B /* TodoListSwiftUIApp.swift in Sources */,
			);
			runOnlyForDeploymentPostprocessing = 0;
		};
		4F7AB5742A39E9520077AA6C /* Sources */ = {
			isa = PBXSourcesBuildPhase;
			buildActionMask = 2147483647;
			files = (
				4F5DC5B42A42318A0045F8B4 /* OptionsView.swift in Sources */,
				4F308C5A2A4BD8A500A9AC79 /* TodoTextViewModel.swift in Sources */,
				4FCAAB732A43EF3B009EEB18 /* Alerts.swift in Sources */,
				4FCAAB7C2A44D13B009EEB18 /* HSLColorSliderView.swift in Sources */,
				4F308C5F2A4BF08000A9AC79 /* TodoListViewModel.swift in Sources */,
				4FCAAB8C2A4510A8009EEB18 /* OptionsViewModel.swift in Sources */,
				4FDF8E112A4154B60027C8F2 /* DetailsViewController.swift in Sources */,
				4F308C682A4C168300A9AC79 /* TodoItemCellContentView.swift in Sources */,
				4FBEBB912A4CD78700470754 /* AddButton.swift in Sources */,
				4F9D858C2A581B7000EFF44C /* YandexResponses.swift in Sources */,
				4F9D85882A58152A00EFF44C /* TodoItemNetworkModel.swift in Sources */,
				4FCAAB752A440D61009EEB18 /* ColorOptionView.swift in Sources */,
				4F7AB5B12A39E9B70077AA6C /* TodoItem.swift in Sources */,
				4F7AB57C2A39E9520077AA6C /* AppDelegate.swift in Sources */,
				4F7AB57E2A39E9520077AA6C /* SceneDelegate.swift in Sources */,
				4F5071BD2A4AF331009B77AF /* TodoSegmentedControl.swift in Sources */,
				4F9D85902A5839E800EFF44C /* RetryManager.swift in Sources */,
				4FCAAB822A44F80E009EEB18 /* HSLColorPickerViewModel.swift in Sources */,
				4F1ABB8B2A570E30004F8BA8 /* NetworkingService.swift in Sources */,
				4F6A9EF02A56EF22000DA229 /* URLSession + Extension.swift in Sources */,
				4F09309F2A4DCAA900F94D89 /* AddTodoItemCellContentView.swift in Sources */,
				4FD96CEA2A415C5E00098CD2 /* DetailsViewModel.swift in Sources */,
				4F55B27A2A43181C006B944F /* TodoCalendarView.swift in Sources */,
				4FD96CED2A41678400098CD2 /* Box.swift in Sources */,
				4F7AB5B22A39E9B70077AA6C /* FileCache.swift in Sources */,
				4F1318332A4C47FD005CDF91 /* TodoCheckboxViewModel.swift in Sources */,
				4F44B7422A41893100667616 /* TodoTextView.swift in Sources */,
				4F5DC5AC2A421D0F0045F8B4 /* Res.swift in Sources */,
				4FCAAB7F2A44D1D1009EEB18 /* HSLColorSliderViewModel.swift in Sources */,
				4FCAAB902A45161B009EEB18 /* DeadlineOptionViewModel.swift in Sources */,
				4FCAAB8E2A451316009EEB18 /* ImportanceOptionViewModel.swift in Sources */,
				4FCAAB7A2A44AB05009EEB18 /* HSLColorPickerView.swift in Sources */,
				4F9D858E2A581C2700EFF44C /* YandexRequests.swift in Sources */,
				4F1ABB902A57812D004F8BA8 /* YandexEndpoints.swift in Sources */,
				4F5DC5B22A422ECB0045F8B4 /* DeadlineOptionView.swift in Sources */,
				4F5071BB2A4AEE36009B77AF /* TodoSwitch.swift in Sources */,
				4FCAAB882A450C50009EEB18 /* UIColor + Extension.swift in Sources */,
				4F308C5D2A4BF07300A9AC79 /* TodoListViewController.swift in Sources */,
				4F1318312A4C4781005CDF91 /* TodoCheckboxView.swift in Sources */,
				4F308C662A4C163100A9AC79 /* TodoItemCellConfiguration.swift in Sources */,
				4FCAAB852A4500EB009EEB18 /* ColorOptionViewModel.swift in Sources */,
				4F1ABB8D2A57809F004F8BA8 /* YandexNetworkingService.swift in Sources */,
				4F5DC5B02A422BF90045F8B4 /* ImportanceOptionView.swift in Sources */,
				4F09309D2A4DCA9C00F94D89 /* AddTodoItemCellConfiguration.swift in Sources */,
			);
			runOnlyForDeploymentPostprocessing = 0;
		};
		4F7AB58D2A39E9550077AA6C /* Sources */ = {
			isa = PBXSourcesBuildPhase;
			buildActionMask = 2147483647;
			files = (
				4F429C672A3C9A7300B3C6D7 /* FileCacheTests.swift in Sources */,
				4F7AB5962A39E9550077AA6C /* TodoItemTests.swift in Sources */,
			);
			runOnlyForDeploymentPostprocessing = 0;
		};
		4F7AB5972A39E9550077AA6C /* Sources */ = {
			isa = PBXSourcesBuildPhase;
			buildActionMask = 2147483647;
			files = (
			);
			runOnlyForDeploymentPostprocessing = 0;
		};
/* End PBXSourcesBuildPhase section */

/* Begin PBXTargetDependency section */
		4F7AB5932A39E9550077AA6C /* PBXTargetDependency */ = {
			isa = PBXTargetDependency;
			target = 4F7AB5772A39E9520077AA6C /* TodoList */;
			targetProxy = 4F7AB5922A39E9550077AA6C /* PBXContainerItemProxy */;
		};
		4F7AB59D2A39E9550077AA6C /* PBXTargetDependency */ = {
			isa = PBXTargetDependency;
			target = 4F7AB5772A39E9520077AA6C /* TodoList */;
			targetProxy = 4F7AB59C2A39E9550077AA6C /* PBXContainerItemProxy */;
		};
/* End PBXTargetDependency section */

/* Begin XCBuildConfiguration section */
		4F4504702A6B5A8D0065F41B /* Debug */ = {
			isa = XCBuildConfiguration;
			buildSettings = {
				ASSETCATALOG_COMPILER_APPICON_NAME = AppIcon;
				ASSETCATALOG_COMPILER_GLOBAL_ACCENT_COLOR_NAME = AccentColor;
				CODE_SIGN_STYLE = Automatic;
				CURRENT_PROJECT_VERSION = 1;
				DEVELOPMENT_ASSET_PATHS = "\"TodoListSwiftUI/Preview Content\"";
				DEVELOPMENT_TEAM = 2VPL3U3QQ9;
				ENABLE_PREVIEWS = YES;
				GENERATE_INFOPLIST_FILE = YES;
				INFOPLIST_KEY_UIApplicationSceneManifest_Generation = YES;
				INFOPLIST_KEY_UIApplicationSupportsIndirectInputEvents = YES;
				INFOPLIST_KEY_UILaunchScreen_Generation = YES;
				INFOPLIST_KEY_UISupportedInterfaceOrientations_iPad = "UIInterfaceOrientationPortrait UIInterfaceOrientationPortraitUpsideDown UIInterfaceOrientationLandscapeLeft UIInterfaceOrientationLandscapeRight";
				INFOPLIST_KEY_UISupportedInterfaceOrientations_iPhone = "UIInterfaceOrientationPortrait UIInterfaceOrientationLandscapeLeft UIInterfaceOrientationLandscapeRight";
				IPHONEOS_DEPLOYMENT_TARGET = 16.2;
				LD_RUNPATH_SEARCH_PATHS = (
					"$(inherited)",
					"@executable_path/Frameworks",
				);
				MARKETING_VERSION = 1.0;
				PRODUCT_BUNDLE_IDENTIFIER = ru.yandex.TodoListSwiftUI;
				PRODUCT_NAME = "$(TARGET_NAME)";
				SWIFT_EMIT_LOC_STRINGS = YES;
				SWIFT_VERSION = 5.0;
				TARGETED_DEVICE_FAMILY = "1,2";
			};
			name = Debug;
		};
		4F4504712A6B5A8D0065F41B /* Release */ = {
			isa = XCBuildConfiguration;
			buildSettings = {
				ASSETCATALOG_COMPILER_APPICON_NAME = AppIcon;
				ASSETCATALOG_COMPILER_GLOBAL_ACCENT_COLOR_NAME = AccentColor;
				CODE_SIGN_STYLE = Automatic;
				CURRENT_PROJECT_VERSION = 1;
				DEVELOPMENT_ASSET_PATHS = "\"TodoListSwiftUI/Preview Content\"";
				DEVELOPMENT_TEAM = 2VPL3U3QQ9;
				ENABLE_PREVIEWS = YES;
				GENERATE_INFOPLIST_FILE = YES;
				INFOPLIST_KEY_UIApplicationSceneManifest_Generation = YES;
				INFOPLIST_KEY_UIApplicationSupportsIndirectInputEvents = YES;
				INFOPLIST_KEY_UILaunchScreen_Generation = YES;
				INFOPLIST_KEY_UISupportedInterfaceOrientations_iPad = "UIInterfaceOrientationPortrait UIInterfaceOrientationPortraitUpsideDown UIInterfaceOrientationLandscapeLeft UIInterfaceOrientationLandscapeRight";
				INFOPLIST_KEY_UISupportedInterfaceOrientations_iPhone = "UIInterfaceOrientationPortrait UIInterfaceOrientationLandscapeLeft UIInterfaceOrientationLandscapeRight";
				IPHONEOS_DEPLOYMENT_TARGET = 16.2;
				LD_RUNPATH_SEARCH_PATHS = (
					"$(inherited)",
					"@executable_path/Frameworks",
				);
				MARKETING_VERSION = 1.0;
				PRODUCT_BUNDLE_IDENTIFIER = ru.yandex.TodoListSwiftUI;
				PRODUCT_NAME = "$(TARGET_NAME)";
				SWIFT_EMIT_LOC_STRINGS = YES;
				SWIFT_VERSION = 5.0;
				TARGETED_DEVICE_FAMILY = "1,2";
			};
			name = Release;
		};
		4F7AB5A32A39E9550077AA6C /* Debug */ = {
			isa = XCBuildConfiguration;
			buildSettings = {
				ALWAYS_SEARCH_USER_PATHS = NO;
				CLANG_ANALYZER_NONNULL = YES;
				CLANG_ANALYZER_NUMBER_OBJECT_CONVERSION = YES_AGGRESSIVE;
				CLANG_CXX_LANGUAGE_STANDARD = "gnu++20";
				CLANG_ENABLE_MODULES = YES;
				CLANG_ENABLE_OBJC_ARC = YES;
				CLANG_ENABLE_OBJC_WEAK = YES;
				CLANG_WARN_BLOCK_CAPTURE_AUTORELEASING = YES;
				CLANG_WARN_BOOL_CONVERSION = YES;
				CLANG_WARN_COMMA = YES;
				CLANG_WARN_CONSTANT_CONVERSION = YES;
				CLANG_WARN_DEPRECATED_OBJC_IMPLEMENTATIONS = YES;
				CLANG_WARN_DIRECT_OBJC_ISA_USAGE = YES_ERROR;
				CLANG_WARN_DOCUMENTATION_COMMENTS = YES;
				CLANG_WARN_EMPTY_BODY = YES;
				CLANG_WARN_ENUM_CONVERSION = YES;
				CLANG_WARN_INFINITE_RECURSION = YES;
				CLANG_WARN_INT_CONVERSION = YES;
				CLANG_WARN_NON_LITERAL_NULL_CONVERSION = YES;
				CLANG_WARN_OBJC_IMPLICIT_RETAIN_SELF = YES;
				CLANG_WARN_OBJC_LITERAL_CONVERSION = YES;
				CLANG_WARN_OBJC_ROOT_CLASS = YES_ERROR;
				CLANG_WARN_QUOTED_INCLUDE_IN_FRAMEWORK_HEADER = YES;
				CLANG_WARN_RANGE_LOOP_ANALYSIS = YES;
				CLANG_WARN_STRICT_PROTOTYPES = YES;
				CLANG_WARN_SUSPICIOUS_MOVE = YES;
				CLANG_WARN_UNGUARDED_AVAILABILITY = YES_AGGRESSIVE;
				CLANG_WARN_UNREACHABLE_CODE = YES;
				CLANG_WARN__DUPLICATE_METHOD_MATCH = YES;
				COPY_PHASE_STRIP = NO;
				DEBUG_INFORMATION_FORMAT = dwarf;
				ENABLE_STRICT_OBJC_MSGSEND = YES;
				ENABLE_TESTABILITY = YES;
				GCC_C_LANGUAGE_STANDARD = gnu11;
				GCC_DYNAMIC_NO_PIC = NO;
				GCC_NO_COMMON_BLOCKS = YES;
				GCC_OPTIMIZATION_LEVEL = 0;
				GCC_PREPROCESSOR_DEFINITIONS = (
					"DEBUG=1",
					"$(inherited)",
				);
				GCC_WARN_64_TO_32_BIT_CONVERSION = YES;
				GCC_WARN_ABOUT_RETURN_TYPE = YES_ERROR;
				GCC_WARN_UNDECLARED_SELECTOR = YES;
				GCC_WARN_UNINITIALIZED_AUTOS = YES_AGGRESSIVE;
				GCC_WARN_UNUSED_FUNCTION = YES;
				GCC_WARN_UNUSED_VARIABLE = YES;
				IPHONEOS_DEPLOYMENT_TARGET = 16.0;
				MTL_ENABLE_DEBUG_INFO = INCLUDE_SOURCE;
				MTL_FAST_MATH = YES;
				ONLY_ACTIVE_ARCH = YES;
				SDKROOT = iphoneos;
				SWIFT_ACTIVE_COMPILATION_CONDITIONS = DEBUG;
				SWIFT_OPTIMIZATION_LEVEL = "-Onone";
				SWIFT_STRICT_CONCURRENCY = complete;
			};
			name = Debug;
		};
		4F7AB5A42A39E9550077AA6C /* Release */ = {
			isa = XCBuildConfiguration;
			buildSettings = {
				ALWAYS_SEARCH_USER_PATHS = NO;
				CLANG_ANALYZER_NONNULL = YES;
				CLANG_ANALYZER_NUMBER_OBJECT_CONVERSION = YES_AGGRESSIVE;
				CLANG_CXX_LANGUAGE_STANDARD = "gnu++20";
				CLANG_ENABLE_MODULES = YES;
				CLANG_ENABLE_OBJC_ARC = YES;
				CLANG_ENABLE_OBJC_WEAK = YES;
				CLANG_WARN_BLOCK_CAPTURE_AUTORELEASING = YES;
				CLANG_WARN_BOOL_CONVERSION = YES;
				CLANG_WARN_COMMA = YES;
				CLANG_WARN_CONSTANT_CONVERSION = YES;
				CLANG_WARN_DEPRECATED_OBJC_IMPLEMENTATIONS = YES;
				CLANG_WARN_DIRECT_OBJC_ISA_USAGE = YES_ERROR;
				CLANG_WARN_DOCUMENTATION_COMMENTS = YES;
				CLANG_WARN_EMPTY_BODY = YES;
				CLANG_WARN_ENUM_CONVERSION = YES;
				CLANG_WARN_INFINITE_RECURSION = YES;
				CLANG_WARN_INT_CONVERSION = YES;
				CLANG_WARN_NON_LITERAL_NULL_CONVERSION = YES;
				CLANG_WARN_OBJC_IMPLICIT_RETAIN_SELF = YES;
				CLANG_WARN_OBJC_LITERAL_CONVERSION = YES;
				CLANG_WARN_OBJC_ROOT_CLASS = YES_ERROR;
				CLANG_WARN_QUOTED_INCLUDE_IN_FRAMEWORK_HEADER = YES;
				CLANG_WARN_RANGE_LOOP_ANALYSIS = YES;
				CLANG_WARN_STRICT_PROTOTYPES = YES;
				CLANG_WARN_SUSPICIOUS_MOVE = YES;
				CLANG_WARN_UNGUARDED_AVAILABILITY = YES_AGGRESSIVE;
				CLANG_WARN_UNREACHABLE_CODE = YES;
				CLANG_WARN__DUPLICATE_METHOD_MATCH = YES;
				COPY_PHASE_STRIP = NO;
				DEBUG_INFORMATION_FORMAT = "dwarf-with-dsym";
				ENABLE_NS_ASSERTIONS = NO;
				ENABLE_STRICT_OBJC_MSGSEND = YES;
				GCC_C_LANGUAGE_STANDARD = gnu11;
				GCC_NO_COMMON_BLOCKS = YES;
				GCC_WARN_64_TO_32_BIT_CONVERSION = YES;
				GCC_WARN_ABOUT_RETURN_TYPE = YES_ERROR;
				GCC_WARN_UNDECLARED_SELECTOR = YES;
				GCC_WARN_UNINITIALIZED_AUTOS = YES_AGGRESSIVE;
				GCC_WARN_UNUSED_FUNCTION = YES;
				GCC_WARN_UNUSED_VARIABLE = YES;
				IPHONEOS_DEPLOYMENT_TARGET = 16.0;
				MTL_ENABLE_DEBUG_INFO = NO;
				MTL_FAST_MATH = YES;
				SDKROOT = iphoneos;
				SWIFT_COMPILATION_MODE = wholemodule;
				SWIFT_OPTIMIZATION_LEVEL = "-O";
				SWIFT_STRICT_CONCURRENCY = complete;
				VALIDATE_PRODUCT = YES;
			};
			name = Release;
		};
		4F7AB5A62A39E9550077AA6C /* Debug */ = {
			isa = XCBuildConfiguration;
			buildSettings = {
				ASSETCATALOG_COMPILER_APPICON_NAME = AppIcon;
				ASSETCATALOG_COMPILER_GLOBAL_ACCENT_COLOR_NAME = AccentColor;
				CODE_SIGN_STYLE = Automatic;
				CURRENT_PROJECT_VERSION = 1;
				DEVELOPMENT_TEAM = 2VPL3U3QQ9;
				GENERATE_INFOPLIST_FILE = YES;
				INFOPLIST_FILE = TodoList/Application/Info.plist;
				INFOPLIST_KEY_UIApplicationSupportsIndirectInputEvents = YES;
				INFOPLIST_KEY_UILaunchStoryboardName = LaunchScreen;
				INFOPLIST_KEY_UISupportedInterfaceOrientations_iPad = "UIInterfaceOrientationPortrait UIInterfaceOrientationPortraitUpsideDown UIInterfaceOrientationLandscapeLeft UIInterfaceOrientationLandscapeRight";
				INFOPLIST_KEY_UISupportedInterfaceOrientations_iPhone = "UIInterfaceOrientationPortrait UIInterfaceOrientationLandscapeLeft UIInterfaceOrientationLandscapeRight";
				LD_RUNPATH_SEARCH_PATHS = (
					"$(inherited)",
					"@executable_path/Frameworks",
				);
				MARKETING_VERSION = 1.0;
				PRODUCT_BUNDLE_IDENTIFIER = ru.yandex.TodoList;
				PRODUCT_NAME = "$(TARGET_NAME)";
				SWIFT_EMIT_LOC_STRINGS = YES;
				SWIFT_STRICT_CONCURRENCY = minimal;
				SWIFT_VERSION = 5.0;
				TARGETED_DEVICE_FAMILY = "1,2";
			};
			name = Debug;
		};
		4F7AB5A72A39E9550077AA6C /* Release */ = {
			isa = XCBuildConfiguration;
			buildSettings = {
				ASSETCATALOG_COMPILER_APPICON_NAME = AppIcon;
				ASSETCATALOG_COMPILER_GLOBAL_ACCENT_COLOR_NAME = AccentColor;
				CODE_SIGN_STYLE = Automatic;
				CURRENT_PROJECT_VERSION = 1;
				DEVELOPMENT_TEAM = 2VPL3U3QQ9;
				GENERATE_INFOPLIST_FILE = YES;
				INFOPLIST_FILE = TodoList/Application/Info.plist;
				INFOPLIST_KEY_UIApplicationSupportsIndirectInputEvents = YES;
				INFOPLIST_KEY_UILaunchStoryboardName = LaunchScreen;
				INFOPLIST_KEY_UISupportedInterfaceOrientations_iPad = "UIInterfaceOrientationPortrait UIInterfaceOrientationPortraitUpsideDown UIInterfaceOrientationLandscapeLeft UIInterfaceOrientationLandscapeRight";
				INFOPLIST_KEY_UISupportedInterfaceOrientations_iPhone = "UIInterfaceOrientationPortrait UIInterfaceOrientationLandscapeLeft UIInterfaceOrientationLandscapeRight";
				LD_RUNPATH_SEARCH_PATHS = (
					"$(inherited)",
					"@executable_path/Frameworks",
				);
				MARKETING_VERSION = 1.0;
				PRODUCT_BUNDLE_IDENTIFIER = ru.yandex.TodoList;
				PRODUCT_NAME = "$(TARGET_NAME)";
				SWIFT_EMIT_LOC_STRINGS = YES;
				SWIFT_STRICT_CONCURRENCY = minimal;
				SWIFT_VERSION = 5.0;
				TARGETED_DEVICE_FAMILY = "1,2";
			};
			name = Release;
		};
		4F7AB5A92A39E9550077AA6C /* Debug */ = {
			isa = XCBuildConfiguration;
			buildSettings = {
				ALWAYS_EMBED_SWIFT_STANDARD_LIBRARIES = YES;
				BUNDLE_LOADER = "$(TEST_HOST)";
				CODE_SIGN_STYLE = Automatic;
				CURRENT_PROJECT_VERSION = 1;
				DEVELOPMENT_TEAM = 2VPL3U3QQ9;
				GENERATE_INFOPLIST_FILE = YES;
				IPHONEOS_DEPLOYMENT_TARGET = 16.2;
				MARKETING_VERSION = 1.0;
				PRODUCT_BUNDLE_IDENTIFIER = ru.yandex.TodoListTests;
				PRODUCT_NAME = "$(TARGET_NAME)";
				SWIFT_EMIT_LOC_STRINGS = NO;
				SWIFT_VERSION = 5.0;
				TARGETED_DEVICE_FAMILY = "1,2";
				TEST_HOST = "$(BUILT_PRODUCTS_DIR)/TodoList.app/$(BUNDLE_EXECUTABLE_FOLDER_PATH)/TodoList";
			};
			name = Debug;
		};
		4F7AB5AA2A39E9550077AA6C /* Release */ = {
			isa = XCBuildConfiguration;
			buildSettings = {
				ALWAYS_EMBED_SWIFT_STANDARD_LIBRARIES = YES;
				BUNDLE_LOADER = "$(TEST_HOST)";
				CODE_SIGN_STYLE = Automatic;
				CURRENT_PROJECT_VERSION = 1;
				DEVELOPMENT_TEAM = 2VPL3U3QQ9;
				GENERATE_INFOPLIST_FILE = YES;
				IPHONEOS_DEPLOYMENT_TARGET = 16.2;
				MARKETING_VERSION = 1.0;
				PRODUCT_BUNDLE_IDENTIFIER = ru.yandex.TodoListTests;
				PRODUCT_NAME = "$(TARGET_NAME)";
				SWIFT_EMIT_LOC_STRINGS = NO;
				SWIFT_VERSION = 5.0;
				TARGETED_DEVICE_FAMILY = "1,2";
				TEST_HOST = "$(BUILT_PRODUCTS_DIR)/TodoList.app/$(BUNDLE_EXECUTABLE_FOLDER_PATH)/TodoList";
			};
			name = Release;
		};
		4F7AB5AC2A39E9550077AA6C /* Debug */ = {
			isa = XCBuildConfiguration;
			buildSettings = {
				ALWAYS_EMBED_SWIFT_STANDARD_LIBRARIES = YES;
				CODE_SIGN_STYLE = Automatic;
				CURRENT_PROJECT_VERSION = 1;
				DEVELOPMENT_TEAM = 2VPL3U3QQ9;
				GENERATE_INFOPLIST_FILE = YES;
				MARKETING_VERSION = 1.0;
				PRODUCT_BUNDLE_IDENTIFIER = ru.yandex.TodoListUITests;
				PRODUCT_NAME = "$(TARGET_NAME)";
				SWIFT_EMIT_LOC_STRINGS = NO;
				SWIFT_VERSION = 5.0;
				TARGETED_DEVICE_FAMILY = "1,2";
				TEST_TARGET_NAME = TodoList;
			};
			name = Debug;
		};
		4F7AB5AD2A39E9550077AA6C /* Release */ = {
			isa = XCBuildConfiguration;
			buildSettings = {
				ALWAYS_EMBED_SWIFT_STANDARD_LIBRARIES = YES;
				CODE_SIGN_STYLE = Automatic;
				CURRENT_PROJECT_VERSION = 1;
				DEVELOPMENT_TEAM = 2VPL3U3QQ9;
				GENERATE_INFOPLIST_FILE = YES;
				MARKETING_VERSION = 1.0;
				PRODUCT_BUNDLE_IDENTIFIER = ru.yandex.TodoListUITests;
				PRODUCT_NAME = "$(TARGET_NAME)";
				SWIFT_EMIT_LOC_STRINGS = NO;
				SWIFT_VERSION = 5.0;
				TARGETED_DEVICE_FAMILY = "1,2";
				TEST_TARGET_NAME = TodoList;
			};
			name = Release;
		};
/* End XCBuildConfiguration section */

/* Begin XCConfigurationList section */
		4F4504722A6B5A8D0065F41B /* Build configuration list for PBXNativeTarget "TodoListSwiftUI" */ = {
			isa = XCConfigurationList;
			buildConfigurations = (
				4F4504702A6B5A8D0065F41B /* Debug */,
				4F4504712A6B5A8D0065F41B /* Release */,
			);
			defaultConfigurationIsVisible = 0;
			defaultConfigurationName = Release;
		};
		4F7AB5732A39E9520077AA6C /* Build configuration list for PBXProject "TodoList" */ = {
			isa = XCConfigurationList;
			buildConfigurations = (
				4F7AB5A32A39E9550077AA6C /* Debug */,
				4F7AB5A42A39E9550077AA6C /* Release */,
			);
			defaultConfigurationIsVisible = 0;
			defaultConfigurationName = Release;
		};
		4F7AB5A52A39E9550077AA6C /* Build configuration list for PBXNativeTarget "TodoList" */ = {
			isa = XCConfigurationList;
			buildConfigurations = (
				4F7AB5A62A39E9550077AA6C /* Debug */,
				4F7AB5A72A39E9550077AA6C /* Release */,
			);
			defaultConfigurationIsVisible = 0;
			defaultConfigurationName = Release;
		};
		4F7AB5A82A39E9550077AA6C /* Build configuration list for PBXNativeTarget "TodoListTests" */ = {
			isa = XCConfigurationList;
			buildConfigurations = (
				4F7AB5A92A39E9550077AA6C /* Debug */,
				4F7AB5AA2A39E9550077AA6C /* Release */,
			);
			defaultConfigurationIsVisible = 0;
			defaultConfigurationName = Release;
		};
		4F7AB5AB2A39E9550077AA6C /* Build configuration list for PBXNativeTarget "TodoListUITests" */ = {
			isa = XCConfigurationList;
			buildConfigurations = (
				4F7AB5AC2A39E9550077AA6C /* Debug */,
				4F7AB5AD2A39E9550077AA6C /* Release */,
			);
			defaultConfigurationIsVisible = 0;
			defaultConfigurationName = Release;
		};
/* End XCConfigurationList section */

/* Begin XCRemoteSwiftPackageReference section */
		4FA39AAC2A6043D10075C431 /* XCRemoteSwiftPackageReference "SQLite.swift" */ = {
			isa = XCRemoteSwiftPackageReference;
			repositoryURL = "https://github.com/stephencelis/SQLite.swift.git";
			requirement = {
				kind = exactVersion;
				version = 0.14.1;
			};
		};
/* End XCRemoteSwiftPackageReference section */

/* Begin XCSwiftPackageProductDependency section */
		4FA39AAD2A6043D10075C431 /* SQLite */ = {
			isa = XCSwiftPackageProductDependency;
			package = 4FA39AAC2A6043D10075C431 /* XCRemoteSwiftPackageReference "SQLite.swift" */;
			productName = SQLite;
		};
/* End XCSwiftPackageProductDependency section */
	};
	rootObject = 4F7AB5702A39E9520077AA6C /* Project object */;
}
